
Microsoft Visual Studio Solution File, Format Version 12.00
# Visual Studio Version 17
VisualStudioVersion = 17.7.34024.191
MinimumVisualStudioVersion = 10.0.40219.1
Project("{FAE04EC0-301F-11D3-BF4B-00C04F79EFBC}") = "Tymakov_5", "Tymakov_5.csproj", "{9500E67C-CF90-496C-A003-E04FF40AB6A2}"
EndProject
Project("{FAE04EC0-301F-11D3-BF4B-00C04F79EFBC}") = "Osnovnoe_DZ", "..\Osnovnoe_DZ\Osnovnoe_DZ.csproj", "{2814B23B-9179-484C-A568-55FC93789CB4}"
EndProject
Global
	GlobalSection(SolutionConfigurationPlatforms) = preSolution
		Debug|Any CPU = Debug|Any CPU
		Release|Any CPU = Release|Any CPU
	EndGlobalSection
	GlobalSection(ProjectConfigurationPlatforms) = postSolution
		{9500E67C-CF90-496C-A003-E04FF40AB6A2}.Debug|Any CPU.ActiveCfg = Debug|Any CPU
		{9500E67C-CF90-496C-A003-E04FF40AB6A2}.Debug|Any CPU.Build.0 = Debug|Any CPU
		{9500E67C-CF90-496C-A003-E04FF40AB6A2}.Release|Any CPU.ActiveCfg = Release|Any CPU
		{9500E67C-CF90-496C-A003-E04FF40AB6A2}.Release|Any CPU.Build.0 = Release|Any CPU
		{2814B23B-9179-484C-A568-55FC93789CB4}.Debug|Any CPU.ActiveCfg = Debug|Any CPU
		{2814B23B-9179-484C-A568-55FC93789CB4}.Debug|Any CPU.Build.0 = Debug|Any CPU
		{2814B23B-9179-484C-A568-55FC93789CB4}.Release|Any CPU.ActiveCfg = Release|Any CPU
		{2814B23B-9179-484C-A568-55FC93789CB4}.Release|Any CPU.Build.0 = Release|Any CPU
	EndGlobalSection
	GlobalSection(SolutionProperties) = preSolution
		HideSolutionNode = FALSE
	EndGlobalSection
	GlobalSection(ExtensibilityGlobals) = postSolution
		SolutionGuid = {C0600AC4-5A9F-4B84-AB67-B8E33FB59397}
	EndGlobalSection
EndGlobal
